
Microsoft Visual Studio Solution File, Format Version 12.00
# Visual Studio 2013
VisualStudioVersion = 12.0.30110.0
MinimumVisualStudioVersion = 10.0.40219.1
Project("{FAE04EC0-301F-11D3-BF4B-00C04F79EFBC}") = "SimpleCalculator", "SimpleCalculator\SimpleCalculator.csproj", "{F982126A-1F56-4867-B364-8E4D6839E357}"
EndProject
Project("{FAE04EC0-301F-11D3-BF4B-00C04F79EFBC}") = "SimpleCalculator.Tests", "SimpleCalculator.Tests\SimpleCalculator.Tests.csproj", "{68AD0924-948D-4ACC-9D36-3E8371E65066}"
EndProject
Global
	GlobalSection(SolutionConfigurationPlatforms) = preSolution
		Debug|Any CPU = Debug|Any CPU
		Release|Any CPU = Release|Any CPU
	EndGlobalSection
	GlobalSection(ProjectConfigurationPlatforms) = postSolution
		{F982126A-1F56-4867-B364-8E4D6839E357}.Debug|Any CPU.ActiveCfg = Debug|Any CPU
		{F982126A-1F56-4867-B364-8E4D6839E357}.Debug|Any CPU.Build.0 = Debug|Any CPU
		{F982126A-1F56-4867-B364-8E4D6839E357}.Release|Any CPU.ActiveCfg = Release|Any CPU
		{F982126A-1F56-4867-B364-8E4D6839E357}.Release|Any CPU.Build.0 = Release|Any CPU
		{68AD0924-948D-4ACC-9D36-3E8371E65066}.Debug|Any CPU.ActiveCfg = Debug|Any CPU
		{68AD0924-948D-4ACC-9D36-3E8371E65066}.Debug|Any CPU.Build.0 = Debug|Any CPU
		{68AD0924-948D-4ACC-9D36-3E8371E65066}.Release|Any CPU.ActiveCfg = Release|Any CPU
		{68AD0924-948D-4ACC-9D36-3E8371E65066}.Release|Any CPU.Build.0 = Release|Any CPU
	EndGlobalSection
	GlobalSection(SolutionProperties) = preSolution
		HideSolutionNode = FALSE
	EndGlobalSection
EndGlobal
